
Microsoft Visual Studio Solution File, Format Version 12.00
# Visual Studio 2013
VisualStudioVersion = 12.0.21005.1
MinimumVisualStudioVersion = 10.0.40219.1
Project("{FAE04EC0-301F-11D3-BF4B-00C04F79EFBC}") = "NNPPoly", "NNPPoly\NNPPoly.csproj", "{742AF66C-BA91-433C-BBE6-3F3F5C4CA49A}"
EndProject
Project("{FAE04EC0-301F-11D3-BF4B-00C04F79EFBC}") = "NNPPolyLauncher", "NNPPolyLauncher\NNPPolyLauncher.csproj", "{D8EF9021-9EB1-4B6C-8B47-D3D0B61C5672}"
EndProject
Project("{54435603-DBB4-11D2-8724-00A0C9A8B90C}") = "NNPPolySetup", "NNPPolySetup\NNPPolySetup.vdproj", "{C5E2B64A-A947-4083-80C0-4C6A88B4ABD9}"
EndProject
Global
	GlobalSection(SolutionConfigurationPlatforms) = preSolution
		Debug|Any CPU = Debug|Any CPU
		Release|Any CPU = Release|Any CPU
	EndGlobalSection
	GlobalSection(ProjectConfigurationPlatforms) = postSolution
		{742AF66C-BA91-433C-BBE6-3F3F5C4CA49A}.Debug|Any CPU.ActiveCfg = Debug|Any CPU
		{742AF66C-BA91-433C-BBE6-3F3F5C4CA49A}.Debug|Any CPU.Build.0 = Debug|Any CPU
		{742AF66C-BA91-433C-BBE6-3F3F5C4CA49A}.Release|Any CPU.ActiveCfg = Release|Any CPU
		{742AF66C-BA91-433C-BBE6-3F3F5C4CA49A}.Release|Any CPU.Build.0 = Release|Any CPU
		{D8EF9021-9EB1-4B6C-8B47-D3D0B61C5672}.Debug|Any CPU.ActiveCfg = Debug|Any CPU
		{D8EF9021-9EB1-4B6C-8B47-D3D0B61C5672}.Debug|Any CPU.Build.0 = Debug|Any CPU
		{D8EF9021-9EB1-4B6C-8B47-D3D0B61C5672}.Release|Any CPU.ActiveCfg = Release|Any CPU
		{D8EF9021-9EB1-4B6C-8B47-D3D0B61C5672}.Release|Any CPU.Build.0 = Release|Any CPU
		{C5E2B64A-A947-4083-80C0-4C6A88B4ABD9}.Debug|Any CPU.ActiveCfg = Debug
		{C5E2B64A-A947-4083-80C0-4C6A88B4ABD9}.Release|Any CPU.ActiveCfg = Release
	EndGlobalSection
	GlobalSection(SolutionProperties) = preSolution
		HideSolutionNode = FALSE
	EndGlobalSection
EndGlobal
